
Microsoft Visual Studio Solution File, Format Version 12.00
# Visual Studio 2017
Project("{FAE04EC0-301F-11D3-BF4B-00C04F79EFBC}") = "OverdrawMonitor", "OverdrawMonitor.csproj", "{A52161F3-317E-5525-A6BD-A25BBAEAE865}"
EndProject
Project("{FAE04EC0-301F-11D3-BF4B-00C04F79EFBC}") = "OverdrawMonitor.Editor", "OverdrawMonitor.Editor.csproj", "{2E1B6611-394C-ECEC-9DC7-06E12D394BC9}"
EndProject
Global
	GlobalSection(SolutionConfigurationPlatforms) = preSolution
		Debug|Any CPU = Debug|Any CPU
		Release|Any CPU = Release|Any CPU
	EndGlobalSection
	GlobalSection(ProjectConfigurationPlatforms) = postSolution
		{A52161F3-317E-5525-A6BD-A25BBAEAE865}.Debug|Any CPU.ActiveCfg = Debug|Any CPU
		{A52161F3-317E-5525-A6BD-A25BBAEAE865}.Debug|Any CPU.Build.0 = Debug|Any CPU
		{A52161F3-317E-5525-A6BD-A25BBAEAE865}.Release|Any CPU.ActiveCfg = Release|Any CPU
		{A52161F3-317E-5525-A6BD-A25BBAEAE865}.Release|Any CPU.Build.0 = Release|Any CPU
		{2E1B6611-394C-ECEC-9DC7-06E12D394BC9}.Debug|Any CPU.ActiveCfg = Debug|Any CPU
		{2E1B6611-394C-ECEC-9DC7-06E12D394BC9}.Debug|Any CPU.Build.0 = Debug|Any CPU
		{2E1B6611-394C-ECEC-9DC7-06E12D394BC9}.Release|Any CPU.ActiveCfg = Release|Any CPU
		{2E1B6611-394C-ECEC-9DC7-06E12D394BC9}.Release|Any CPU.Build.0 = Release|Any CPU
	EndGlobalSection
	GlobalSection(SolutionProperties) = preSolution
		HideSolutionNode = FALSE
	EndGlobalSection
EndGlobal
